<Solution>
  <Folder Name="/src/">
    <Project Path="src/SmartFlow.Api/SmartFlow.Api.csproj" />
    <Project Path="src/SmartFlow.Application/SmartFlow.Application.csproj" />
    <Project Path="src/SmartFlow.Domain/SmartFlow.Domain.csproj" />
    <Project Path="src/SmartFlow.Infrastructure/SmartFlow.Infrastructure.csproj" />
  </Folder>
  <Folder Name="/tests/">
    <Project Path="tests/SmartFlow.Domain.Tests/SmartFlow.Domain.Tests.csproj" />
  </Folder>
</Solution>
